
Microsoft Visual Studio Solution File, Format Version 12.00
# Visual Studio 2013
VisualStudioVersion = 12.0.21005.1
MinimumVisualStudioVersion = 10.0.40219.1
Project("{FAE04EC0-301F-11D3-BF4B-00C04F79EFBC}") = "DatosTotem", "src\DatosTotem\DatosTotem.csproj", "{B4B3079E-15EC-4575-89CD-5FF052C22BDA}"
EndProject
Project("{2150E333-8FDC-42A3-9474-1A3956D46DE8}") = "Datos", "Datos", "{0656A7B9-A719-45AA-986D-9F94652C596C}"
EndProject
Project("{2150E333-8FDC-42A3-9474-1A3956D46DE8}") = "Excepciones", "Excepciones", "{9F3D3069-A59A-4FC5-9E6E-3914ECB65799}"
EndProject
Project("{2150E333-8FDC-42A3-9474-1A3956D46DE8}") = "Logica", "Logica", "{1924E660-31E5-4FD7-89D6-A560C3ABADE9}"
EndProject
Project("{2150E333-8FDC-42A3-9474-1A3956D46DE8}") = "Dominio", "Dominio", "{C553EAB8-A262-4815-BA3F-C7C58BD9CD13}"
EndProject
Project("{2150E333-8FDC-42A3-9474-1A3956D46DE8}") = "Interfaz", "Interfaz", "{A4B46370-2BC8-4FDF-AB93-79A6A61D0683}"
EndProject
Project("{2150E333-8FDC-42A3-9474-1A3956D46DE8}") = "PruebasUnitarias", "PruebasUnitarias", "{DC2EF444-199D-4B93-B23D-C638F0DC5BAC}"
EndProject
Project("{FAE04EC0-301F-11D3-BF4B-00C04F79EFBC}") = "DominioTotem", "src\DominioTotem\DominioTotem.csproj", "{71398660-3B9B-4BED-91B3-B968A4EBF02E}"
EndProject
Project("{FAE04EC0-301F-11D3-BF4B-00C04F79EFBC}") = "ExcepcionesTotem", "src\ExcepcionesTotem\ExcepcionesTotem.csproj", "{AAA3900A-9CED-4F07-9CEE-D86208C39437}"
EndProject
Project("{FAE04EC0-301F-11D3-BF4B-00C04F79EFBC}") = "LogicaNegociosTotem", "src\LogicaNegociosTotem\LogicaNegociosTotem.csproj", "{70C79B2E-094D-49BA-BC84-D7CD7443ABFF}"
EndProject
Project("{FAE04EC0-301F-11D3-BF4B-00C04F79EFBC}") = "PruebasUnitariasTotem", "src\PruebasUnitariasTotem\PruebasUnitariasTotem.csproj", "{64C7FA06-721F-4338-A867-30DE53B121EE}"
EndProject
Project("{E24C65DC-7377-472B-9ABA-BC803B73C61A}") = "Interfaz", "http://localhost:22288", "{913F6A1A-2F3B-48E7-94CA-145237E7AB3D}"
	ProjectSection(WebsiteProperties) = preProject
		UseIISExpress = "true"
		TargetFrameworkMoniker = ".NETFramework,Version%3Dv4.0"
		ProjectReferences = "{70c79b2e-094d-49ba-bc84-d7cd7443abff}|LogicaNegociosTotem.dll;{B4B3079E-15EC-4575-89CD-5FF052C22BDA}|DatosTotem.dll;{71398660-3B9B-4BED-91B3-B968A4EBF02E}|DominioTotem.dll;{AAA3900A-9CED-4F07-9CEE-D86208C39437}|ExcepcionesTotem.dll;"
		Debug.AspNetCompiler.VirtualPath = "/localhost_22288"
		Debug.AspNetCompiler.PhysicalPath = "src\Interfaz\"
		Debug.AspNetCompiler.TargetPath = "PrecompiledWeb\localhost_22288\"
		Debug.AspNetCompiler.Updateable = "true"
		Debug.AspNetCompiler.ForceOverwrite = "true"
		Debug.AspNetCompiler.FixedNames = "false"
		Debug.AspNetCompiler.Debug = "True"
		Release.AspNetCompiler.VirtualPath = "/localhost_22288"
		Release.AspNetCompiler.PhysicalPath = "src\Interfaz\"
		Release.AspNetCompiler.TargetPath = "PrecompiledWeb\localhost_22288\"
		Release.AspNetCompiler.Updateable = "true"
		Release.AspNetCompiler.ForceOverwrite = "true"
		Release.AspNetCompiler.FixedNames = "false"
		Release.AspNetCompiler.Debug = "False"
		SlnRelativePath = "src\Interfaz\"
		DefaultWebSiteLanguage = "Visual C#"
	EndProjectSection
EndProject
Global
	GlobalSection(SolutionConfigurationPlatforms) = preSolution
		Debug|Any CPU = Debug|Any CPU
		Release|Any CPU = Release|Any CPU
	EndGlobalSection
	GlobalSection(ProjectConfigurationPlatforms) = postSolution
		{B4B3079E-15EC-4575-89CD-5FF052C22BDA}.Debug|Any CPU.ActiveCfg = Debug|Any CPU
		{B4B3079E-15EC-4575-89CD-5FF052C22BDA}.Debug|Any CPU.Build.0 = Debug|Any CPU
		{B4B3079E-15EC-4575-89CD-5FF052C22BDA}.Release|Any CPU.ActiveCfg = Release|Any CPU
		{B4B3079E-15EC-4575-89CD-5FF052C22BDA}.Release|Any CPU.Build.0 = Release|Any CPU
		{71398660-3B9B-4BED-91B3-B968A4EBF02E}.Debug|Any CPU.ActiveCfg = Debug|Any CPU
		{71398660-3B9B-4BED-91B3-B968A4EBF02E}.Debug|Any CPU.Build.0 = Debug|Any CPU
		{71398660-3B9B-4BED-91B3-B968A4EBF02E}.Release|Any CPU.ActiveCfg = Release|Any CPU
		{71398660-3B9B-4BED-91B3-B968A4EBF02E}.Release|Any CPU.Build.0 = Release|Any CPU
		{AAA3900A-9CED-4F07-9CEE-D86208C39437}.Debug|Any CPU.ActiveCfg = Debug|Any CPU
		{AAA3900A-9CED-4F07-9CEE-D86208C39437}.Debug|Any CPU.Build.0 = Debug|Any CPU
		{AAA3900A-9CED-4F07-9CEE-D86208C39437}.Release|Any CPU.ActiveCfg = Release|Any CPU
		{AAA3900A-9CED-4F07-9CEE-D86208C39437}.Release|Any CPU.Build.0 = Release|Any CPU
		{70C79B2E-094D-49BA-BC84-D7CD7443ABFF}.Debug|Any CPU.ActiveCfg = Debug|Any CPU
		{70C79B2E-094D-49BA-BC84-D7CD7443ABFF}.Debug|Any CPU.Build.0 = Debug|Any CPU
		{70C79B2E-094D-49BA-BC84-D7CD7443ABFF}.Release|Any CPU.ActiveCfg = Release|Any CPU
		{70C79B2E-094D-49BA-BC84-D7CD7443ABFF}.Release|Any CPU.Build.0 = Release|Any CPU
		{64C7FA06-721F-4338-A867-30DE53B121EE}.Debug|Any CPU.ActiveCfg = Debug|Any CPU
		{64C7FA06-721F-4338-A867-30DE53B121EE}.Debug|Any CPU.Build.0 = Debug|Any CPU
		{64C7FA06-721F-4338-A867-30DE53B121EE}.Release|Any CPU.ActiveCfg = Release|Any CPU
		{64C7FA06-721F-4338-A867-30DE53B121EE}.Release|Any CPU.Build.0 = Release|Any CPU
		{913F6A1A-2F3B-48E7-94CA-145237E7AB3D}.Debug|Any CPU.ActiveCfg = Debug|Any CPU
		{913F6A1A-2F3B-48E7-94CA-145237E7AB3D}.Debug|Any CPU.Build.0 = Debug|Any CPU
		{913F6A1A-2F3B-48E7-94CA-145237E7AB3D}.Release|Any CPU.ActiveCfg = Debug|Any CPU
		{913F6A1A-2F3B-48E7-94CA-145237E7AB3D}.Release|Any CPU.Build.0 = Debug|Any CPU
	EndGlobalSection
	GlobalSection(SolutionProperties) = preSolution
		HideSolutionNode = FALSE
	EndGlobalSection
	GlobalSection(NestedProjects) = preSolution
		{B4B3079E-15EC-4575-89CD-5FF052C22BDA} = {0656A7B9-A719-45AA-986D-9F94652C596C}
		{AAA3900A-9CED-4F07-9CEE-D86208C39437} = {9F3D3069-A59A-4FC5-9E6E-3914ECB65799}
		{70C79B2E-094D-49BA-BC84-D7CD7443ABFF} = {1924E660-31E5-4FD7-89D6-A560C3ABADE9}
		{71398660-3B9B-4BED-91B3-B968A4EBF02E} = {C553EAB8-A262-4815-BA3F-C7C58BD9CD13}
		{913F6A1A-2F3B-48E7-94CA-145237E7AB3D} = {A4B46370-2BC8-4FDF-AB93-79A6A61D0683}
		{64C7FA06-721F-4338-A867-30DE53B121EE} = {DC2EF444-199D-4B93-B23D-C638F0DC5BAC}
	EndGlobalSection
EndGlobal
